// !$*UTF8*$!
{
	archiveVersion = 1;
	classes = {
	};
	objectVersion = 46;
	objects = {

/* Begin PBXBuildFile section */
		7BD5631B1A02FCC5000DA4D5 /* main.m in Sources */ = {isa = PBXBuildFile; fileRef = 7BD5631A1A02FCC5000DA4D5 /* main.m */; };
		7BD5631E1A02FCC5000DA4D5 /* AppDelegate.m in Sources */ = {isa = PBXBuildFile; fileRef = 7BD5631D1A02FCC5000DA4D5 /* AppDelegate.m */; };
		7BD563211A02FCC5000DA4D5 /* ViewController.m in Sources */ = {isa = PBXBuildFile; fileRef = 7BD563201A02FCC5000DA4D5 /* ViewController.m */; };
		7BD563241A02FCC5000DA4D5 /* Main.storyboard in Resources */ = {isa = PBXBuildFile; fileRef = 7BD563221A02FCC5000DA4D5 /* Main.storyboard */; };
		7BD563261A02FCC5000DA4D5 /* Images.xcassets in Resources */ = {isa = PBXBuildFile; fileRef = 7BD563251A02FCC5000DA4D5 /* Images.xcassets */; };
		7BD563291A02FCC5000DA4D5 /* LaunchScreen.xib in Resources */ = {isa = PBXBuildFile; fileRef = 7BD563271A02FCC5000DA4D5 /* LaunchScreen.xib */; };
		7BD563351A02FCC6000DA4D5 /* LionsAndTigersTests.m in Sources */ = {isa = PBXBuildFile; fileRef = 7BD563341A02FCC6000DA4D5 /* LionsAndTigersTests.m */; };
/* End PBXBuildFile section */

/* Begin PBXContainerItemProxy section */
		7BD5632F1A02FCC6000DA4D5 /* PBXContainerItemProxy */ = {
			isa = PBXContainerItemProxy;
			containerPortal = 7BD5630D1A02FCC5000DA4D5 /* Project object */;
			proxyType = 1;
			remoteGlobalIDString = 7BD563141A02FCC5000DA4D5;
			remoteInfo = LionsAndTigers;
		};
/* End PBXContainerItemProxy section */

/* Begin PBXFileReference section */
		7BD563151A02FCC5000DA4D5 /* LionsAndTigers.app */ = {isa = PBXFileReference; explicitFileType = wrapper.application; includeInIndex = 0; path = LionsAndTigers.app; sourceTree = BUILT_PRODUCTS_DIR; };
		7BD563191A02FCC5000DA4D5 /* Info.plist */ = {isa = PBXFileReference; lastKnownFileType = text.plist.xml; path = Info.plist; sourceTree = "<group>"; };
		7BD5631A1A02FCC5000DA4D5 /* main.m */ = {isa = PBXFileReference; lastKnownFileType = sourcecode.c.objc; path = main.m; sourceTree = "<group>"; };
		7BD5631C1A02FCC5000DA4D5 /* AppDelegate.h */ = {isa = PBXFileReference; lastKnownFileType = sourcecode.c.h; path = AppDelegate.h; sourceTree = "<group>"; };
		7BD5631D1A02FCC5000DA4D5 /* AppDelegate.m */ = {isa = PBXFileReference; lastKnownFileType = sourcecode.c.objc; path = AppDelegate.m; sourceTree = "<group>"; };
		7BD5631F1A02FCC5000DA4D5 /* ViewController.h */ = {isa = PBXFileReference; lastKnownFileType = sourcecode.c.h; path = ViewController.h; sourceTree = "<group>"; };
		7BD563201A02FCC5000DA4D5 /* ViewController.m */ = {isa = PBXFileReference; lastKnownFileType = sourcecode.c.objc; path = ViewController.m; sourceTree = "<group>"; };
		7BD563231A02FCC5000DA4D5 /* Base */ = {isa = PBXFileReference; lastKnownFileType = file.storyboard; name = Base; path = Base.lproj/Main.storyboard; sourceTree = "<group>"; };
		7BD563251A02FCC5000DA4D5 /* Images.xcassets */ = {isa = PBXFileReference; lastKnownFileType = folder.assetcatalog; path = Images.xcassets; sourceTree = "<group>"; };
		7BD563281A02FCC5000DA4D5 /* Base */ = {isa = PBXFileReference; lastKnownFileType = file.xib; name = Base; path = Base.lproj/LaunchScreen.xib; sourceTree = "<group>"; };
		7BD5632E1A02FCC6000DA4D5 /* LionsAndTigersTests.xctest */ = {isa = PBXFileReference; explicitFileType = wrapper.cfbundle; includeInIndex = 0; path = LionsAndTigersTests.xctest; sourceTree = BUILT_PRODUCTS_DIR; };
		7BD563331A02FCC6000DA4D5 /* Info.plist */ = {isa = PBXFileReference; lastKnownFileType = text.plist.xml; path = Info.plist; sourceTree = "<group>"; };
		7BD563341A02FCC6000DA4D5 /* LionsAndTigersTests.m */ = {isa = PBXFileReference; lastKnownFileType = sourcecode.c.objc; path = LionsAndTigersTests.m; sourceTree = "<group>"; };
/* End PBXFileReference section */

/* Begin PBXFrameworksBuildPhase section */
		7BD563121A02FCC5000DA4D5 /* Frameworks */ = {
			isa = PBXFrameworksBuildPhase;
			buildActionMask = 2147483647;
			files = (
			);
			runOnlyForDeploymentPostprocessing = 0;
		};
		7BD5632B1A02FCC6000DA4D5 /* Frameworks */ = {
			isa = PBXFrameworksBuildPhase;
			buildActionMask = 2147483647;
			files = (
			);
			runOnlyForDeploymentPostprocessing = 0;
		};
/* End PBXFrameworksBuildPhase section */

/* Begin PBXGroup section */
		7BD5630C1A02FCC5000DA4D5 = {
			isa = PBXGroup;
			children = (
				7BD563171A02FCC5000DA4D5 /* LionsAndTigers */,
				7BD563311A02FCC6000DA4D5 /* LionsAndTigersTests */,
				7BD563161A02FCC5000DA4D5 /* Products */,
			);
			sourceTree = "<group>";
		};
		7BD563161A02FCC5000DA4D5 /* Products */ = {
			isa = PBXGroup;
			children = (
				7BD563151A02FCC5000DA4D5 /* LionsAndTigers.app */,
				7BD5632E1A02FCC6000DA4D5 /* LionsAndTigersTests.xctest */,
			);
			name = Products;
			sourceTree = "<group>";
		};
		7BD563171A02FCC5000DA4D5 /* LionsAndTigers */ = {
			isa = PBXGroup;
			children = (
				7BD5631C1A02FCC5000DA4D5 /* AppDelegate.h */,
				7BD5631D1A02FCC5000DA4D5 /* AppDelegate.m */,
				7BD5631F1A02FCC5000DA4D5 /* ViewController.h */,
				7BD563201A02FCC5000DA4D5 /* ViewController.m */,
				7BD563221A02FCC5000DA4D5 /* Main.storyboard */,
				7BD563251A02FCC5000DA4D5 /* Images.xcassets */,
				7BD563271A02FCC5000DA4D5 /* LaunchScreen.xib */,
				7BD563181A02FCC5000DA4D5 /* Supporting Files */,
			);
			path = LionsAndTigers;
			sourceTree = "<group>";
		};
		7BD563181A02FCC5000DA4D5 /* Supporting Files */ = {
			isa = PBXGroup;
			children = (
				7BD563191A02FCC5000DA4D5 /* Info.plist */,
				7BD5631A1A02FCC5000DA4D5 /* main.m */,
			);
			name = "Supporting Files";
			sourceTree = "<group>";
		};
		7BD563311A02FCC6000DA4D5 /* LionsAndTigersTests */ = {
			isa = PBXGroup;
			children = (
				7BD563341A02FCC6000DA4D5 /* LionsAndTigersTests.m */,
				7BD563321A02FCC6000DA4D5 /* Supporting Files */,
			);
			path = LionsAndTigersTests;
			sourceTree = "<group>";
		};
		7BD563321A02FCC6000DA4D5 /* Supporting Files */ = {
			isa = PBXGroup;
			children = (
				7BD563331A02FCC6000DA4D5 /* Info.plist */,
			);
			name = "Supporting Files";
			sourceTree = "<group>";
		};
/* End PBXGroup section */

/* Begin PBXNativeTarget section */
		7BD563141A02FCC5000DA4D5 /* LionsAndTigers */ = {
			isa = PBXNativeTarget;
			buildConfigurationList = 7BD563381A02FCC6000DA4D5 /* Build configuration list for PBXNativeTarget "LionsAndTigers" */;
			buildPhases = (
				7BD563111A02FCC5000DA4D5 /* Sources */,
				7BD563121A02FCC5000DA4D5 /* Frameworks */,
				7BD563131A02FCC5000DA4D5 /* Resources */,
			);
			buildRules = (
			);
			dependencies = (
			);
			name = LionsAndTigers;
			productName = LionsAndTigers;
			productReference = 7BD563151A02FCC5000DA4D5 /* LionsAndTigers.app */;
			productType = "com.apple.product-type.application";
		};
		7BD5632D1A02FCC6000DA4D5 /* LionsAndTigersTests */ = {
			isa = PBXNativeTarget;
			buildConfigurationList = 7BD5633B1A02FCC6000DA4D5 /* Build configuration list for PBXNativeTarget "LionsAndTigersTests" */;
			buildPhases = (
				7BD5632A1A02FCC6000DA4D5 /* Sources */,
				7BD5632B1A02FCC6000DA4D5 /* Frameworks */,
				7BD5632C1A02FCC6000DA4D5 /* Resources */,
			);
			buildRules = (
			);
			dependencies = (
				7BD563301A02FCC6000DA4D5 /* PBXTargetDependency */,
			);
			name = LionsAndTigersTests;
			productName = LionsAndTigersTests;
			productReference = 7BD5632E1A02FCC6000DA4D5 /* LionsAndTigersTests.xctest */;
			productType = "com.apple.product-type.bundle.unit-test";
		};
/* End PBXNativeTarget section */

/* Begin PBXProject section */
		7BD5630D1A02FCC5000DA4D5 /* Project object */ = {
			isa = PBXProject;
			attributes = {
				LastUpgradeCheck = 0610;
				ORGANIZATIONNAME = "Jonathan Chou";
				TargetAttributes = {
					7BD563141A02FCC5000DA4D5 = {
						CreatedOnToolsVersion = 6.1;
					};
					7BD5632D1A02FCC6000DA4D5 = {
						CreatedOnToolsVersion = 6.1;
						TestTargetID = 7BD563141A02FCC5000DA4D5;
					};
				};
			};
			buildConfigurationList = 7BD563101A02FCC5000DA4D5 /* Build configuration list for PBXProject "LionsAndTigers" */;
			compatibilityVersion = "Xcode 3.2";
			developmentRegion = English;
			hasScannedForEncodings = 0;
			knownRegions = (
				en,
				Base,
			);
			mainGroup = 7BD5630C1A02FCC5000DA4D5;
			productRefGroup = 7BD563161A02FCC5000DA4D5 /* Products */;
			projectDirPath = "";
			projectRoot = "";
			targets = (
				7BD563141A02FCC5000DA4D5 /* LionsAndTigers */,
				7BD5632D1A02FCC6000DA4D5 /* LionsAndTigersTests */,
			);
		};
/* End PBXProject section */

/* Begin PBXResourcesBuildPhase section */
		7BD563131A02FCC5000DA4D5 /* Resources */ = {
			isa = PBXResourcesBuildPhase;
			buildActionMask = 2147483647;
			files = (
				7BD563241A02FCC5000DA4D5 /* Main.storyboard in Resources */,
				7BD563291A02FCC5000DA4D5 /* LaunchScreen.xib in Resources */,
				7BD563261A02FCC5000DA4D5 /* Images.xcassets in Resources */,
			);
			runOnlyForDeploymentPostprocessing = 0;
		};
		7BD5632C1A02FCC6000DA4D5 /* Resources */ = {
			isa = PBXResourcesBuildPhase;
			buildActionMask = 2147483647;
			files = (
			);
			runOnlyForDeploymentPostprocessing = 0;
		};
/* End PBXResourcesBuildPhase section */

/* Begin PBXSourcesBuildPhase section */
		7BD563111A02FCC5000DA4D5 /* Sources */ = {
			isa = PBXSourcesBuildPhase;
			buildActionMask = 2147483647;
			files = (
				7BD563211A02FCC5000DA4D5 /* ViewController.m in Sources */,
				7BD5631E1A02FCC5000DA4D5 /* AppDelegate.m in Sources */,
				7BD5631B1A02FCC5000DA4D5 /* main.m in Sources */,
			);
			runOnlyForDeploymentPostprocessing = 0;
		};
		7BD5632A1A02FCC6000DA4D5 /* Sources */ = {
			isa = PBXSourcesBuildPhase;
			buildActionMask = 2147483647;
			files = (
				7BD563351A02FCC6000DA4D5 /* LionsAndTigersTests.m in Sources */,
			);
			runOnlyForDeploymentPostprocessing = 0;
		};
/* End PBXSourcesBuildPhase section */

/* Begin PBXTargetDependency section */
		7BD563301A02FCC6000DA4D5 /* PBXTargetDependency */ = {
			isa = PBXTargetDependency;
			target = 7BD563141A02FCC5000DA4D5 /* LionsAndTigers */;
			targetProxy = 7BD5632F1A02FCC6000DA4D5 /* PBXContainerItemProxy */;
		};
/* End PBXTargetDependency section */

/* Begin PBXVariantGroup section */
		7BD563221A02FCC5000DA4D5 /* Main.storyboard */ = {
			isa = PBXVariantGroup;
			children = (
				7BD563231A02FCC5000DA4D5 /* Base */,
			);
			name = Main.storyboard;
			sourceTree = "<group>";
		};
		7BD563271A02FCC5000DA4D5 /* LaunchScreen.xib */ = {
			isa = PBXVariantGroup;
			children = (
				7BD563281A02FCC5000DA4D5 /* Base */,
			);
			name = LaunchScreen.xib;
			sourceTree = "<group>";
		};
/* End PBXVariantGroup section */

/* Begin XCBuildConfiguration section */
		7BD563361A02FCC6000DA4D5 /* Debug */ = {
			isa = XCBuildConfiguration;
			buildSettings = {
				ALWAYS_SEARCH_USER_PATHS = NO;
				CLANG_CXX_LANGUAGE_STANDARD = "gnu++0x";
				CLANG_CXX_LIBRARY = "libc++";
				CLANG_ENABLE_MODULES = YES;
				CLANG_ENABLE_OBJC_ARC = YES;
				CLANG_WARN_BOOL_CONVERSION = YES;
				CLANG_WARN_CONSTANT_CONVERSION = YES;
				CLANG_WARN_DIRECT_OBJC_ISA_USAGE = YES_ERROR;
				CLANG_WARN_EMPTY_BODY = YES;
				CLANG_WARN_ENUM_CONVERSION = YES;
				CLANG_WARN_INT_CONVERSION = YES;
				CLANG_WARN_OBJC_ROOT_CLASS = YES_ERROR;
				CLANG_WARN_UNREACHABLE_CODE = YES;
				CLANG_WARN__DUPLICATE_METHOD_MATCH = YES;
				"CODE_SIGN_IDENTITY[sdk=iphoneos*]" = "iPhone Developer";
				COPY_PHASE_STRIP = NO;
				ENABLE_STRICT_OBJC_MSGSEND = YES;
				GCC_C_LANGUAGE_STANDARD = gnu99;
				GCC_DYNAMIC_NO_PIC = NO;
				GCC_OPTIMIZATION_LEVEL = 0;
				GCC_PREPROCESSOR_DEFINITIONS = (
					"DEBUG=1",
					"$(inherited)",
				);
				GCC_SYMBOLS_PRIVATE_EXTERN = NO;
				GCC_WARN_64_TO_32_BIT_CONVERSION = YES;
				GCC_WARN_ABOUT_RETURN_TYPE = YES_ERROR;
				GCC_WARN_UNDECLARED_SELECTOR = YES;
				GCC_WARN_UNINITIALIZED_AUTOS = YES_AGGRESSIVE;
				GCC_WARN_UNUSED_FUNCTION = YES;
				GCC_WARN_UNUSED_VARIABLE = YES;
				IPHONEOS_DEPLOYMENT_TARGET = 8.1;
				MTL_ENABLE_DEBUG_INFO = YES;
				ONLY_ACTIVE_ARCH = YES;
				SDKROOT = iphoneos;
				TARGETED_DEVICE_FAMILY = "1,2";
			};
			name = Debug;
		};
		7BD563371A02FCC6000DA4D5 /* Release */ = {
			isa = XCBuildConfiguration;
			buildSettings = {
				ALWAYS_SEARCH_USER_PATHS = NO;
				CLANG_CXX_LANGUAGE_STANDARD = "gnu++0x";
				CLANG_CXX_LIBRARY = "libc++";
				CLANG_ENABLE_MODULES = YES;
				CLANG_ENABLE_OBJC_ARC = YES;
				CLANG_WARN_BOOL_CONVERSION = YES;
				CLANG_WARN_CONSTANT_CONVERSION = YES;
				CLANG_WARN_DIRECT_OBJC_ISA_USAGE = YES_ERROR;
				CLANG_WARN_EMPTY_BODY = YES;
				CLANG_WARN_ENUM_CONVERSION = YES;
				CLANG_WARN_INT_CONVERSION = YES;
				CLANG_WARN_OBJC_ROOT_CLASS = YES_ERROR;
				CLANG_WARN_UNREACHABLE_CODE = YES;
				CLANG_WARN__DUPLICATE_METHOD_MATCH = YES;
				"CODE_SIGN_IDENTITY[sdk=iphoneos*]" = "iPhone Developer";
				COPY_PHASE_STRIP = YES;
				ENABLE_NS_ASSERTIONS = NO;
				ENABLE_STRICT_OBJC_MSGSEND = YES;
				GCC_C_LANGUAGE_STANDARD = gnu99;
				GCC_WARN_64_TO_32_BIT_CONVERSION = YES;
				GCC_WARN_ABOUT_RETURN_TYPE = YES_ERROR;
				GCC_WARN_UNDECLARED_SELECTOR = YES;
				GCC_WARN_UNINITIALIZED_AUTOS = YES_AGGRESSIVE;
				GCC_WARN_UNUSED_FUNCTION = YES;
				GCC_WARN_UNUSED_VARIABLE = YES;
				IPHONEOS_DEPLOYMENT_TARGET = 8.1;
				MTL_ENABLE_DEBUG_INFO = NO;
				SDKROOT = iphoneos;
				TARGETED_DEVICE_FAMILY = "1,2";
				VALIDATE_PRODUCT = YES;
			};
			name = Release;
		};
		7BD563391A02FCC6000DA4D5 /* Debug */ = {
			isa = XCBuildConfiguration;
			buildSettings = {
				ASSETCATALOG_COMPILER_APPICON_NAME = AppIcon;
				INFOPLIST_FILE = LionsAndTigers/Info.plist;
				LD_RUNPATH_SEARCH_PATHS = "$(inherited) @executable_path/Frameworks";
				PRODUCT_NAME = "$(TARGET_NAME)";
			};
			name = Debug;
		};
		7BD5633A1A02FCC6000DA4D5 /* Release */ = {
			isa = XCBuildConfiguration;
			buildSettings = {
				ASSETCATALOG_COMPILER_APPICON_NAME = AppIcon;
				INFOPLIST_FILE = LionsAndTigers/Info.plist;
				LD_RUNPATH_SEARCH_PATHS = "$(inherited) @executable_path/Frameworks";
				PRODUCT_NAME = "$(TARGET_NAME)";
			};
			name = Release;
		};
		7BD5633C1A02FCC6000DA4D5 /* Debug */ = {
			isa = XCBuildConfiguration;
			buildSettings = {
				BUNDLE_LOADER = "$(TEST_HOST)";
				FRAMEWORK_SEARCH_PATHS = (
					"$(SDKROOT)/Developer/Library/Frameworks",
					"$(inherited)",
				);
				GCC_PREPROCESSOR_DEFINITIONS = (
					"DEBUG=1",
					"$(inherited)",
				);
				INFOPLIST_FILE = LionsAndTigersTests/Info.plist;
				LD_RUNPATH_SEARCH_PATHS = "$(inherited) @executable_path/Frameworks @loader_path/Frameworks";
				PRODUCT_NAME = "$(TARGET_NAME)";
				TEST_HOST = "$(BUILT_PRODUCTS_DIR)/LionsAndTigers.app/LionsAndTigers";
			};
			name = Debug;
		};
		7BD5633D1A02FCC6000DA4D5 /* Release */ = {
			isa = XCBuildConfiguration;
			buildSettings = {
				BUNDLE_LOADER = "$(TEST_HOST)";
				FRAMEWORK_SEARCH_PATHS = (
					"$(SDKROOT)/Developer/Library/Frameworks",
					"$(inherited)",
				);
				INFOPLIST_FILE = LionsAndTigersTests/Info.plist;
				LD_RUNPATH_SEARCH_PATHS = "$(inherited) @executable_path/Frameworks @loader_path/Frameworks";
				PRODUCT_NAME = "$(TARGET_NAME)";
				TEST_HOST = "$(BUILT_PRODUCTS_DIR)/LionsAndTigers.app/LionsAndTigers";
			};
			name = Release;
		};
/* End XCBuildConfiguration section */

/* Begin XCConfigurationList section */
		7BD563101A02FCC5000DA4D5 /* Build configuration list for PBXProject "LionsAndTigers" */ = {
			isa = XCConfigurationList;
			buildConfigurations = (
				7BD563361A02FCC6000DA4D5 /* Debug */,
				7BD563371A02FCC6000DA4D5 /* Release */,
			);
			defaultConfigurationIsVisible = 0;
			defaultConfigurationName = Release;
		};
		7BD563381A02FCC6000DA4D5 /* Build configuration list for PBXNativeTarget "LionsAndTigers" */ = {
			isa = XCConfigurationList;
			buildConfigurations = (
				7BD563391A02FCC6000DA4D5 /* Debug */,
				7BD5633A1A02FCC6000DA4D5 /* Release */,
			);
			defaultConfigurationIsVisible = 0;
		};
		7BD5633B1A02FCC6000DA4D5 /* Build configuration list for PBXNativeTarget "LionsAndTigersTests" */ = {
			isa = XCConfigurationList;
			buildConfigurations = (
				7BD5633C1A02FCC6000DA4D5 /* Debug */,
				7BD5633D1A02FCC6000DA4D5 /* Release */,
			);
			defaultConfigurationIsVisible = 0;
		};
/* End XCConfigurationList section */
	};
	rootObject = 7BD5630D1A02FCC5000DA4D5 /* Project object */;
}
